
Microsoft Visual Studio Solution File, Format Version 12.00
# Visual Studio Version 17
VisualStudioVersion = 17.9.34622.214
MinimumVisualStudioVersion = 10.0.40219.1
Project("{FAE04EC0-301F-11D3-BF4B-00C04F79EFBC}") = "ATM", "ATM\ATM.csproj", "{8691D475-CEB3-43C8-B081-DBC17132DD4B}"
EndProject
Global
	GlobalSection(SolutionConfigurationPlatforms) = preSolution
		Debug|Any CPU = Debug|Any CPU
		Release|Any CPU = Release|Any CPU
	EndGlobalSection
	GlobalSection(ProjectConfigurationPlatforms) = postSolution
		{8691D475-CEB3-43C8-B081-DBC17132DD4B}.Debug|Any CPU.ActiveCfg = Debug|Any CPU
		{8691D475-CEB3-43C8-B081-DBC17132DD4B}.Debug|Any CPU.Build.0 = Debug|Any CPU
		{8691D475-CEB3-43C8-B081-DBC17132DD4B}.Release|Any CPU.ActiveCfg = Release|Any CPU
		{8691D475-CEB3-43C8-B081-DBC17132DD4B}.Release|Any CPU.Build.0 = Release|Any CPU
	EndGlobalSection
	GlobalSection(SolutionProperties) = preSolution
		HideSolutionNode = FALSE
	EndGlobalSection
	GlobalSection(ExtensibilityGlobals) = postSolution
		SolutionGuid = {F0416101-A86B-4E18-BE3D-B9922DA33CA5}
	EndGlobalSection
EndGlobal
